{
  "version": 4,
  "terraform_version": "1.2.3",
  "serial": 106,
  "lineage": "adc6a32d-1d3b-fe4f-8980-3e2a6784ef68",
  "outputs": {},
  "resources": [
    {
      "mode": "managed",
      "type": "aws_autoscaling_group",
      "name": "skill_check",
      "provider": "provider[\"registry.terraform.io/hashicorp/aws\"]",
      "instances": [
        {
          "schema_version": 0,
          "attributes": {
            "arn": "arn:aws:autoscaling:ap-northeast-1:957964833658:autoScalingGroup:8db796f1-00dc-4fea-b5e7-f478d38169b2:autoScalingGroupName/skill-check",
            "availability_zones": [
              "ap-northeast-1a"
            ],
            "capacity_rebalance": false,
            "default_cooldown": 300,
            "desired_capacity": 1,
            "enabled_metrics": [
              "GroupDesiredCapacity",
              "GroupInServiceInstances",
              "GroupMaxSize",
              "GroupMinSize",
              "GroupPendingInstances",
              "GroupStandbyInstances",
              "GroupTerminatingInstances",
              "GroupTotalInstances"
            ],
            "force_delete": true,
            "force_delete_warm_pool": false,
            "health_check_grace_period": 300,
            "health_check_type": "ELB",
            "id": "skill-check",
            "initial_lifecycle_hook": [],
            "instance_refresh": [],
            "launch_configuration": "skill-check-20230216070446086200000001",
            "launch_template": [],
            "load_balancers": [
              "skill-check-elb"
            ],
            "max_instance_lifetime": 0,
            "max_size": 4,
            "metrics_granularity": "1Minute",
            "min_elb_capacity": null,
            "min_size": 1,
            "mixed_instances_policy": [],
            "name": "skill-check",
            "name_prefix": "",
            "placement_group": "",
            "protect_from_scale_in": false,
            "service_linked_role_arn": "arn:aws:iam::957964833658:role/aws-service-role/autoscaling.amazonaws.com/AWSServiceRoleForAutoScaling",
            "suspended_processes": [],
            "tag": [
              {
                "key": "Initialized",
                "propagate_at_launch": true,
                "value": "false"
              },
              {
                "key": "Name",
                "propagate_at_launch": true,
                "value": "skill-check-asg"
              }
            ],
            "tags": null,
            "target_group_arns": [],
            "termination_policies": [],
            "timeouts": null,
            "vpc_zone_identifier": [
              "subnet-08409e99e5e8f93e5"
            ],
            "wait_for_capacity_timeout": "10m",
            "wait_for_elb_capacity": null,
            "warm_pool": []
          },
          "sensitive_attributes": [],
          "private": "eyJlMmJmYjczMC1lY2FhLTExZTYtOGY4OC0zNDM2M2JjN2M0YzAiOnsiZGVsZXRlIjo2MDAwMDAwMDAwMDB9fQ==",
          "dependencies": [
            "aws_elb.skill_check_elb",
            "aws_key_pair.skill-check-key",
            "aws_launch_configuration.skill_check",
            "aws_security_group.internal",
            "aws_subnet.private_1a"
          ],
          "create_before_destroy": true
        }
      ]
    },
    {
      "mode": "managed",
      "type": "aws_autoscaling_policy",
      "name": "skill_check_scale_in",
      "provider": "provider[\"registry.terraform.io/hashicorp/aws\"]",
      "instances": [
        {
          "schema_version": 0,
          "attributes": {
            "adjustment_type": "ChangeInCapacity",
            "arn": "arn:aws:autoscaling:ap-northeast-1:957964833658:scalingPolicy:b3fbf39c-23b5-4490-a869-8a11400fed04:autoScalingGroupName/skill-check:policyName/Instance-ScaleIn-CPU-Low",
            "autoscaling_group_name": "skill-check",
            "cooldown": 300,
            "estimated_instance_warmup": 0,
            "id": "Instance-ScaleIn-CPU-Low",
            "metric_aggregation_type": "",
            "min_adjustment_magnitude": null,
            "name": "Instance-ScaleIn-CPU-Low",
            "policy_type": "SimpleScaling",
            "predictive_scaling_configuration": [],
            "scaling_adjustment": -1,
            "step_adjustment": [],
            "target_tracking_configuration": []
          },
          "sensitive_attributes": [],
          "private": "bnVsbA==",
          "dependencies": [
            "aws_autoscaling_group.skill_check",
            "aws_elb.skill_check_elb",
            "aws_key_pair.skill-check-key",
            "aws_launch_configuration.skill_check",
            "aws_security_group.http",
            "aws_security_group.internal",
            "aws_subnet.private_1a",
            "aws_subnet.public_1a",
            "aws_vpc.vpc"
          ]
        }
      ]
    },
    {
      "mode": "managed",
      "type": "aws_autoscaling_policy",
      "name": "skill_check_scale_out",
      "provider": "provider[\"registry.terraform.io/hashicorp/aws\"]",
      "instances": [
        {
          "schema_version": 0,
          "attributes": {
            "adjustment_type": "ChangeInCapacity",
            "arn": "arn:aws:autoscaling:ap-northeast-1:957964833658:scalingPolicy:71bfffb0-5d4f-4b4e-8a60-2a2cce637efe:autoScalingGroupName/skill-check:policyName/Instance-ScaleOut-CPU-High",
            "autoscaling_group_name": "skill-check",
            "cooldown": 300,
            "estimated_instance_warmup": 0,
            "id": "Instance-ScaleOut-CPU-High",
            "metric_aggregation_type": "",
            "min_adjustment_magnitude": null,
            "name": "Instance-ScaleOut-CPU-High",
            "policy_type": "SimpleScaling",
            "predictive_scaling_configuration": [],
            "scaling_adjustment": 1,
            "step_adjustment": [],
            "target_tracking_configuration": []
          },
          "sensitive_attributes": [],
          "private": "bnVsbA==",
          "dependencies": [
            "aws_autoscaling_group.skill_check",
            "aws_elb.skill_check_elb",
            "aws_key_pair.skill-check-key",
            "aws_launch_configuration.skill_check",
            "aws_security_group.http",
            "aws_security_group.internal",
            "aws_subnet.private_1a",
            "aws_subnet.public_1a",
            "aws_vpc.vpc"
          ]
        }
      ]
    },
    {
      "mode": "managed",
      "type": "aws_cloudwatch_metric_alarm",
      "name": "skill_check_high",
      "provider": "provider[\"registry.terraform.io/hashicorp/aws\"]",
      "instances": [
        {
          "schema_version": 1,
          "attributes": {
            "actions_enabled": true,
            "alarm_actions": [
              "arn:aws:autoscaling:ap-northeast-1:957964833658:scalingPolicy:71bfffb0-5d4f-4b4e-8a60-2a2cce637efe:autoScalingGroupName/skill-check:policyName/Instance-ScaleOut-CPU-High"
            ],
            "alarm_description": "",
            "alarm_name": "skill-check-CPU-Utilization-High-30",
            "arn": "arn:aws:cloudwatch:ap-northeast-1:957964833658:alarm:skill-check-CPU-Utilization-High-30",
            "comparison_operator": "GreaterThanOrEqualToThreshold",
            "datapoints_to_alarm": 0,
            "dimensions": {
              "AutoScalingGroupName": "skill-check"
            },
            "evaluate_low_sample_count_percentiles": "",
            "evaluation_periods": 1,
            "extended_statistic": "",
            "id": "skill-check-CPU-Utilization-High-30",
            "insufficient_data_actions": [],
            "metric_name": "CPUUtilization",
            "metric_query": [],
            "namespace": "AWS/EC2",
            "ok_actions": [],
            "period": 300,
            "statistic": "Average",
            "tags": {},
            "tags_all": {},
            "threshold": 30,
            "threshold_metric_id": "",
            "treat_missing_data": "missing",
            "unit": ""
          },
          "sensitive_attributes": [],
          "private": "eyJzY2hlbWFfdmVyc2lvbiI6IjEifQ==",
          "dependencies": [
            "aws_autoscaling_group.skill_check",
            "aws_autoscaling_policy.skill_check_scale_out",
            "aws_elb.skill_check_elb",
            "aws_key_pair.skill-check-key",
            "aws_launch_configuration.skill_check",
            "aws_security_group.http",
            "aws_security_group.internal",
            "aws_subnet.private_1a",
            "aws_subnet.public_1a",
            "aws_vpc.vpc"
          ]
        }
      ]
    },
    {
      "mode": "managed",
      "type": "aws_cloudwatch_metric_alarm",
      "name": "skill_check_low",
      "provider": "provider[\"registry.terraform.io/hashicorp/aws\"]",
      "instances": [
        {
          "schema_version": 1,
          "attributes": {
            "actions_enabled": true,
            "alarm_actions": [
              "arn:aws:autoscaling:ap-northeast-1:957964833658:scalingPolicy:b3fbf39c-23b5-4490-a869-8a11400fed04:autoScalingGroupName/skill-check:policyName/Instance-ScaleIn-CPU-Low"
            ],
            "alarm_description": "",
            "alarm_name": "skill-check-CPU-Utilization-Low",
            "arn": "arn:aws:cloudwatch:ap-northeast-1:957964833658:alarm:skill-check-CPU-Utilization-Low",
            "comparison_operator": "LessThanThreshold",
            "datapoints_to_alarm": 0,
            "dimensions": {
              "AutoScalingGroupName": "skill-check"
            },
            "evaluate_low_sample_count_percentiles": "",
            "evaluation_periods": 1,
            "extended_statistic": "",
            "id": "skill-check-CPU-Utilization-Low",
            "insufficient_data_actions": [],
            "metric_name": "CPUUtilization",
            "metric_query": [],
            "namespace": "AWS/EC2",
            "ok_actions": [],
            "period": 300,
            "statistic": "Average",
            "tags": {},
            "tags_all": {},
            "threshold": 0.1,
            "threshold_metric_id": "",
            "treat_missing_data": "missing",
            "unit": ""
          },
          "sensitive_attributes": [],
          "private": "eyJzY2hlbWFfdmVyc2lvbiI6IjEifQ==",
          "dependencies": [
            "aws_autoscaling_group.skill_check",
            "aws_autoscaling_policy.skill_check_scale_in",
            "aws_elb.skill_check_elb",
            "aws_key_pair.skill-check-key",
            "aws_launch_configuration.skill_check",
            "aws_security_group.http",
            "aws_security_group.internal",
            "aws_subnet.private_1a",
            "aws_subnet.public_1a",
            "aws_vpc.vpc"
          ]
        }
      ]
    },
    {
      "mode": "managed",
      "type": "aws_eip",
      "name": "nat_1a",
      "provider": "provider[\"registry.terraform.io/hashicorp/aws\"]",
      "instances": [
        {
          "schema_version": 0,
          "attributes": {
            "address": null,
            "allocation_id": "eipalloc-019f4fd93826503e0",
            "associate_with_private_ip": null,
            "association_id": "eipassoc-0f40eec1f7b5a8e84",
            "carrier_ip": "",
            "customer_owned_ip": "",
            "customer_owned_ipv4_pool": "",
            "domain": "vpc",
            "id": "eipalloc-019f4fd93826503e0",
            "instance": "",
            "network_border_group": "ap-northeast-1",
            "network_interface": "eni-0478672b4989945c8",
            "private_dns": "ip-10-0-10-170.ap-northeast-1.compute.internal",
            "private_ip": "10.0.10.170",
            "public_dns": "ec2-18-178-106-238.ap-northeast-1.compute.amazonaws.com",
            "public_ip": "18.178.106.238",
            "public_ipv4_pool": "amazon",
            "tags": {
              "Name": "skill-check-natgw-1a"
            },
            "tags_all": {
              "Name": "skill-check-natgw-1a"
            },
            "timeouts": null,
            "vpc": true
          },
          "sensitive_attributes": [],
          "private": "eyJlMmJmYjczMC1lY2FhLTExZTYtOGY4OC0zNDM2M2JjN2M0YzAiOnsiZGVsZXRlIjoxODAwMDAwMDAwMDAsInJlYWQiOjkwMDAwMDAwMDAwMCwidXBkYXRlIjozMDAwMDAwMDAwMDB9fQ=="
        }
      ]
    },
    {
      "mode": "managed",
      "type": "aws_elb",
      "name": "skill_check_elb",
      "provider": "provider[\"registry.terraform.io/hashicorp/aws\"]",
      "instances": [
        {
          "schema_version": 0,
          "attributes": {
            "access_logs": [],
            "arn": "arn:aws:elasticloadbalancing:ap-northeast-1:957964833658:loadbalancer/skill-check-elb",
            "availability_zones": [
              "ap-northeast-1a"
            ],
            "connection_draining": true,
            "connection_draining_timeout": 400,
            "cross_zone_load_balancing": true,
            "desync_mitigation_mode": "defensive",
            "dns_name": "skill-check-elb-726000616.ap-northeast-1.elb.amazonaws.com",
            "health_check": [
              {
                "healthy_threshold": 2,
                "interval": 30,
                "target": "HTTP:80/",
                "timeout": 5,
                "unhealthy_threshold": 2
              }
            ],
            "id": "skill-check-elb",
            "idle_timeout": 400,
            "instances": [
              "i-03f509cdf991438db",
              "i-05699ce362b918c3e",
              "i-05fc1f6cb31ae1b50",
              "i-079dc83bc7749ce0e"
            ],
            "internal": false,
            "listener": [
              {
                "instance_port": 80,
                "instance_protocol": "http",
                "lb_port": 80,
                "lb_protocol": "http",
                "ssl_certificate_id": ""
              }
            ],
            "name": "skill-check-elb",
            "name_prefix": null,
            "security_groups": [
              "sg-06f1de8ba21b2fceb",
              "sg-0ddedb10f5d653fdc"
            ],
            "source_security_group": "957964833658/http",
            "source_security_group_id": "sg-0ddedb10f5d653fdc",
            "subnets": [
              "subnet-0704d1335c7fcb187"
            ],
            "tags": {
              "Environment": "Development",
              "Name": "skill-check-elb",
              "Role": "ELB"
            },
            "tags_all": {
              "Environment": "Development",
              "Name": "skill-check-elb",
              "Role": "ELB"
            },
            "zone_id": "Z14GRHDCWA56QT"
          },
          "sensitive_attributes": [],
          "private": "bnVsbA==",
          "dependencies": [
            "aws_security_group.http",
            "aws_security_group.internal",
            "aws_subnet.public_1a",
            "aws_vpc.vpc"
          ],
          "create_before_destroy": true
        }
      ]
    },
    {
      "mode": "managed",
      "type": "aws_instance",
      "name": "app_server",
      "provider": "provider[\"registry.terraform.io/hashicorp/aws\"]",
      "instances": [
        {
          "schema_version": 1,
          "attributes": {
            "ami": "ami-06ee4e2261a4dc5c3",
            "arn": "arn:aws:ec2:ap-northeast-1:957964833658:instance/i-07066d1184a13acb5",
            "associate_public_ip_address": true,
            "availability_zone": "ap-northeast-1c",
            "capacity_reservation_specification": [
              {
                "capacity_reservation_preference": "open",
                "capacity_reservation_target": []
              }
            ],
            "cpu_core_count": 1,
            "cpu_threads_per_core": 1,
            "credit_specification": [
              {
                "cpu_credits": "standard"
              }
            ],
            "disable_api_termination": false,
            "ebs_block_device": [],
            "ebs_optimized": false,
            "enclave_options": [
              {
                "enabled": false
              }
            ],
            "ephemeral_block_device": [],
            "get_password_data": false,
            "hibernation": false,
            "host_id": null,
            "iam_instance_profile": "",
            "id": "i-07066d1184a13acb5",
            "instance_initiated_shutdown_behavior": "stop",
            "instance_state": "running",
            "instance_type": "t2.micro",
            "ipv6_address_count": 0,
            "ipv6_addresses": [],
            "key_name": "",
            "launch_template": [],
            "metadata_options": [
              {
                "http_endpoint": "enabled",
                "http_put_response_hop_limit": 1,
                "http_tokens": "optional",
                "instance_metadata_tags": "disabled"
              }
            ],
            "monitoring": false,
            "network_interface": [],
            "outpost_arn": "",
            "password_data": "",
            "placement_group": "",
            "placement_partition_number": null,
            "primary_network_interface_id": "eni-068259e03fb399b2b",
            "private_dns": "ip-172-31-0-120.ap-northeast-1.compute.internal",
            "private_ip": "172.31.0.120",
            "public_dns": "ec2-35-77-45-209.ap-northeast-1.compute.amazonaws.com",
            "public_ip": "35.77.45.209",
            "root_block_device": [
              {
                "delete_on_termination": true,
                "device_name": "/dev/xvda",
                "encrypted": false,
                "iops": 100,
                "kms_key_id": "",
                "tags": {},
                "throughput": 0,
                "volume_id": "vol-07a5d04e322f571aa",
                "volume_size": 8,
                "volume_type": "gp2"
              }
            ],
            "secondary_private_ips": [],
            "security_groups": [
              "default"
            ],
            "source_dest_check": true,
            "subnet_id": "subnet-06a4c94b651e68dd4",
            "tags": {
              "Name": "skill-check"
            },
            "tags_all": {
              "Name": "skill-check"
            },
            "tenancy": "default",
            "timeouts": null,
            "user_data": null,
            "user_data_base64": null,
            "volume_tags": null,
            "vpc_security_group_ids": [
              "sg-0193d69d41ba3d5d8"
            ]
          },
          "sensitive_attributes": [],
          "private": "eyJlMmJmYjczMC1lY2FhLTExZTYtOGY4OC0zNDM2M2JjN2M0YzAiOnsiY3JlYXRlIjo2MDAwMDAwMDAwMDAsImRlbGV0ZSI6MTIwMDAwMDAwMDAwMCwidXBkYXRlIjo2MDAwMDAwMDAwMDB9LCJzY2hlbWFfdmVyc2lvbiI6IjEifQ=="
        }
      ]
    },
    {
      "mode": "managed",
      "type": "aws_internet_gateway",
      "name": "igw",
      "provider": "provider[\"registry.terraform.io/hashicorp/aws\"]",
      "instances": [
        {
          "schema_version": 0,
          "attributes": {
            "arn": "arn:aws:ec2:ap-northeast-1:957964833658:internet-gateway/igw-0c7513ec8e55de805",
            "id": "igw-0c7513ec8e55de805",
            "owner_id": "957964833658",
            "tags": {
              "Name": "igw"
            },
            "tags_all": {
              "Name": "igw"
            },
            "vpc_id": "vpc-073627cd72daf1965"
          },
          "sensitive_attributes": [],
          "private": "bnVsbA==",
          "dependencies": [
            "aws_vpc.vpc"
          ]
        }
      ]
    },
    {
      "mode": "managed",
      "type": "aws_key_pair",
      "name": "skill-check-key",
      "provider": "provider[\"registry.terraform.io/hashicorp/aws\"]",
      "instances": [
        {
          "schema_version": 1,
          "attributes": {
            "arn": "arn:aws:ec2:ap-northeast-1:957964833658:key-pair/skill-check",
            "fingerprint": "Hpug4Zvt35O365g0AA5M/ANLcHWKN7wrdLJBHVFtCz0=",
            "id": "skill-check",
            "key_name": "skill-check",
            "key_name_prefix": "",
            "key_pair_id": "key-05059ef651273d6a0",
            "public_key": "ssh-ed25519 AAAAC3NzaC1lZDI1NTE5AAAAIDOSXgn++lSjCr/XRkoJztcu+8Jf0hwzvjape7Yk3Wxe horikoshi-toshiyuki1@dmm.com",
            "tags": {},
            "tags_all": {}
          },
          "sensitive_attributes": [],
          "private": "eyJzY2hlbWFfdmVyc2lvbiI6IjEifQ==",
          "create_before_destroy": true
        }
      ]
    },
    {
      "mode": "managed",
      "type": "aws_launch_configuration",
      "name": "skill_check",
      "provider": "provider[\"registry.terraform.io/hashicorp/aws\"]",
      "instances": [
        {
          "schema_version": 0,
          "attributes": {
            "arn": "arn:aws:autoscaling:ap-northeast-1:957964833658:launchConfiguration:c0dac0e9-64b8-4c13-bce5-0e68e686042f:launchConfigurationName/skill-check-20230216070446086200000001",
            "associate_public_ip_address": false,
            "ebs_block_device": [],
            "ebs_optimized": false,
            "enable_monitoring": true,
            "ephemeral_block_device": [],
            "iam_instance_profile": "",
            "id": "skill-check-20230216070446086200000001",
            "image_id": "ami-06ee4e2261a4dc5c3",
            "instance_type": "t2.micro",
            "key_name": "skill-check",
            "metadata_options": [],
            "name": "skill-check-20230216070446086200000001",
            "name_prefix": "skill-check-",
            "placement_tenancy": null,
            "root_block_device": [],
            "security_groups": [
              "sg-06f1de8ba21b2fceb"
            ],
            "spot_price": "",
            "user_data": "d498dfff2a1a79a370c91b8edb2888d42b59cb4d",
            "user_data_base64": null,
            "vpc_classic_link_id": "",
            "vpc_classic_link_security_groups": null
          },
          "sensitive_attributes": [],
          "private": "bnVsbA==",
          "dependencies": [
            "aws_key_pair.skill-check-key",
            "aws_security_group.internal"
          ],
          "create_before_destroy": true
        }
      ]
    },
    {
      "mode": "managed",
      "type": "aws_nat_gateway",
      "name": "nat_1a",
      "provider": "provider[\"registry.terraform.io/hashicorp/aws\"]",
      "instances": [
        {
          "schema_version": 0,
          "attributes": {
            "allocation_id": "eipalloc-019f4fd93826503e0",
            "connectivity_type": "public",
            "id": "nat-0417ebffe2fae64c4",
            "network_interface_id": "eni-0478672b4989945c8",
            "private_ip": "10.0.10.170",
            "public_ip": "18.178.106.238",
            "subnet_id": "subnet-0704d1335c7fcb187",
            "tags": {
              "Name": "skill-check-1a"
            },
            "tags_all": {
              "Name": "skill-check-1a"
            }
          },
          "sensitive_attributes": [],
          "private": "bnVsbA==",
          "dependencies": [
            "aws_eip.nat_1a",
            "aws_subnet.public_1a",
            "aws_vpc.vpc"
          ]
        }
      ]
    },
    {
      "mode": "managed",
      "type": "aws_route_table",
      "name": "nat_rt",
      "provider": "provider[\"registry.terraform.io/hashicorp/aws\"]",
      "instances": [
        {
          "schema_version": 0,
          "attributes": {
            "arn": "arn:aws:ec2:ap-northeast-1:957964833658:route-table/rtb-0cd1b8c3154ed4c5b",
            "id": "rtb-0cd1b8c3154ed4c5b",
            "owner_id": "957964833658",
            "propagating_vgws": [],
            "route": [
              {
                "carrier_gateway_id": "",
                "cidr_block": "0.0.0.0/0",
                "destination_prefix_list_id": "",
                "egress_only_gateway_id": "",
                "gateway_id": "nat-0417ebffe2fae64c4",
                "instance_id": "",
                "ipv6_cidr_block": "",
                "local_gateway_id": "",
                "nat_gateway_id": "",
                "network_interface_id": "",
                "transit_gateway_id": "",
                "vpc_endpoint_id": "",
                "vpc_peering_connection_id": ""
              }
            ],
            "tags": {
              "Name": "nat-rt"
            },
            "tags_all": {
              "Name": "nat-rt"
            },
            "timeouts": null,
            "vpc_id": "vpc-073627cd72daf1965"
          },
          "sensitive_attributes": [],
          "private": "eyJlMmJmYjczMC1lY2FhLTExZTYtOGY4OC0zNDM2M2JjN2M0YzAiOnsiY3JlYXRlIjozMDAwMDAwMDAwMDAsImRlbGV0ZSI6MzAwMDAwMDAwMDAwLCJ1cGRhdGUiOjEyMDAwMDAwMDAwMH19",
          "dependencies": [
            "aws_nat_gateway.nat_1a",
            "aws_vpc.vpc"
          ]
        }
      ]
    },
    {
      "mode": "managed",
      "type": "aws_route_table",
      "name": "public_rt",
      "provider": "provider[\"registry.terraform.io/hashicorp/aws\"]",
      "instances": [
        {
          "schema_version": 0,
          "attributes": {
            "arn": "arn:aws:ec2:ap-northeast-1:957964833658:route-table/rtb-0665b0a685a2ec150",
            "id": "rtb-0665b0a685a2ec150",
            "owner_id": "957964833658",
            "propagating_vgws": [],
            "route": [
              {
                "carrier_gateway_id": "",
                "cidr_block": "0.0.0.0/0",
                "destination_prefix_list_id": "",
                "egress_only_gateway_id": "",
                "gateway_id": "igw-0c7513ec8e55de805",
                "instance_id": "",
                "ipv6_cidr_block": "",
                "local_gateway_id": "",
                "nat_gateway_id": "",
                "network_interface_id": "",
                "transit_gateway_id": "",
                "vpc_endpoint_id": "",
                "vpc_peering_connection_id": ""
              }
            ],
            "tags": {
              "Name": "public-rt"
            },
            "tags_all": {
              "Name": "public-rt"
            },
            "timeouts": null,
            "vpc_id": "vpc-073627cd72daf1965"
          },
          "sensitive_attributes": [],
          "private": "eyJlMmJmYjczMC1lY2FhLTExZTYtOGY4OC0zNDM2M2JjN2M0YzAiOnsiY3JlYXRlIjozMDAwMDAwMDAwMDAsImRlbGV0ZSI6MzAwMDAwMDAwMDAwLCJ1cGRhdGUiOjEyMDAwMDAwMDAwMH19",
          "dependencies": [
            "aws_internet_gateway.igw",
            "aws_vpc.vpc"
          ]
        }
      ]
    },
    {
      "mode": "managed",
      "type": "aws_route_table_association",
      "name": "private_1a",
      "provider": "provider[\"registry.terraform.io/hashicorp/aws\"]",
      "instances": [
        {
          "schema_version": 0,
          "attributes": {
            "gateway_id": "",
            "id": "rtbassoc-063036023c8dda0a9",
            "route_table_id": "rtb-0cd1b8c3154ed4c5b",
            "subnet_id": "subnet-08409e99e5e8f93e5"
          },
          "sensitive_attributes": [],
          "private": "bnVsbA==",
          "dependencies": [
            "aws_eip.nat_1a",
            "aws_nat_gateway.nat_1a",
            "aws_route_table.nat_rt",
            "aws_subnet.private_1a",
            "aws_subnet.public_1a",
            "aws_vpc.vpc"
          ]
        }
      ]
    },
    {
      "mode": "managed",
      "type": "aws_route_table_association",
      "name": "public_1a",
      "provider": "provider[\"registry.terraform.io/hashicorp/aws\"]",
      "instances": [
        {
          "schema_version": 0,
          "attributes": {
            "gateway_id": "",
            "id": "rtbassoc-066bc5ef34d1b0829",
            "route_table_id": "rtb-0665b0a685a2ec150",
            "subnet_id": "subnet-0704d1335c7fcb187"
          },
          "sensitive_attributes": [],
          "private": "bnVsbA==",
          "dependencies": [
            "aws_internet_gateway.igw",
            "aws_route_table.public_rt",
            "aws_subnet.public_1a",
            "aws_vpc.vpc"
          ]
        }
      ]
    },
    {
      "mode": "managed",
      "type": "aws_security_group",
      "name": "http",
      "provider": "provider[\"registry.terraform.io/hashicorp/aws\"]",
      "instances": [
        {
          "schema_version": 1,
          "attributes": {
            "arn": "arn:aws:ec2:ap-northeast-1:957964833658:security-group/sg-0ddedb10f5d653fdc",
            "description": "Allow http inbound traffic",
            "egress": [
              {
                "cidr_blocks": [
                  "0.0.0.0/0"
                ],
                "description": "",
                "from_port": 0,
                "ipv6_cidr_blocks": [],
                "prefix_list_ids": [],
                "protocol": "-1",
                "security_groups": [],
                "self": false,
                "to_port": 0
              }
            ],
            "id": "sg-0ddedb10f5d653fdc",
            "ingress": [
              {
                "cidr_blocks": [
                  "0.0.0.0/0"
                ],
                "description": "",
                "from_port": 80,
                "ipv6_cidr_blocks": [],
                "prefix_list_ids": [],
                "protocol": "tcp",
                "security_groups": [],
                "self": false,
                "to_port": 80
              }
            ],
            "name": "http",
            "name_prefix": "",
            "owner_id": "957964833658",
            "revoke_rules_on_delete": false,
            "tags": {
              "Name": "http"
            },
            "tags_all": {
              "Name": "http"
            },
            "timeouts": null,
            "vpc_id": "vpc-073627cd72daf1965"
          },
          "sensitive_attributes": [],
          "private": "eyJlMmJmYjczMC1lY2FhLTExZTYtOGY4OC0zNDM2M2JjN2M0YzAiOnsiY3JlYXRlIjo2MDAwMDAwMDAwMDAsImRlbGV0ZSI6OTAwMDAwMDAwMDAwfSwic2NoZW1hX3ZlcnNpb24iOiIxIn0=",
          "dependencies": [
            "aws_vpc.vpc"
          ],
          "create_before_destroy": true
        }
      ]
    },
    {
      "mode": "managed",
      "type": "aws_security_group",
      "name": "internal",
      "provider": "provider[\"registry.terraform.io/hashicorp/aws\"]",
      "instances": [
        {
          "schema_version": 1,
          "attributes": {
            "arn": "arn:aws:ec2:ap-northeast-1:957964833658:security-group/sg-06f1de8ba21b2fceb",
            "description": "Allow internal traffic",
            "egress": [
              {
                "cidr_blocks": [
                  "0.0.0.0/0"
                ],
                "description": "",
                "from_port": 0,
                "ipv6_cidr_blocks": [],
                "prefix_list_ids": [],
                "protocol": "-1",
                "security_groups": [],
                "self": false,
                "to_port": 0
              }
            ],
            "id": "sg-06f1de8ba21b2fceb",
            "ingress": [
              {
                "cidr_blocks": [],
                "description": "",
                "from_port": 0,
                "ipv6_cidr_blocks": [],
                "prefix_list_ids": [],
                "protocol": "tcp",
                "security_groups": [],
                "self": true,
                "to_port": 65535
              }
            ],
            "name": "internal",
            "name_prefix": "",
            "owner_id": "957964833658",
            "revoke_rules_on_delete": false,
            "tags": {
              "Name": "internal"
            },
            "tags_all": {
              "Name": "internal"
            },
            "timeouts": null,
            "vpc_id": "vpc-073627cd72daf1965"
          },
          "sensitive_attributes": [],
          "private": "eyJlMmJmYjczMC1lY2FhLTExZTYtOGY4OC0zNDM2M2JjN2M0YzAiOnsiY3JlYXRlIjo2MDAwMDAwMDAwMDAsImRlbGV0ZSI6OTAwMDAwMDAwMDAwfSwic2NoZW1hX3ZlcnNpb24iOiIxIn0=",
          "dependencies": [
            "aws_vpc.vpc"
          ],
          "create_before_destroy": true
        }
      ]
    },
    {
      "mode": "managed",
      "type": "aws_security_group",
      "name": "nat",
      "provider": "provider[\"registry.terraform.io/hashicorp/aws\"]",
      "instances": [
        {
          "schema_version": 1,
          "attributes": {
            "arn": "arn:aws:ec2:ap-northeast-1:957964833658:security-group/sg-0378af2abf75c064b",
            "description": "Allow internal inbound traffic",
            "egress": [
              {
                "cidr_blocks": [
                  "0.0.0.0/0"
                ],
                "description": "",
                "from_port": 0,
                "ipv6_cidr_blocks": [],
                "prefix_list_ids": [],
                "protocol": "-1",
                "security_groups": [],
                "self": false,
                "to_port": 0
              }
            ],
            "id": "sg-0378af2abf75c064b",
            "ingress": [
              {
                "cidr_blocks": [
                  "10.0.0.0/16"
                ],
                "description": "",
                "from_port": 0,
                "ipv6_cidr_blocks": [],
                "prefix_list_ids": [],
                "protocol": "tcp",
                "security_groups": [],
                "self": false,
                "to_port": 65535
              },
              {
                "cidr_blocks": [
                  "10.0.0.0/16"
                ],
                "description": "",
                "from_port": 0,
                "ipv6_cidr_blocks": [],
                "prefix_list_ids": [],
                "protocol": "udp",
                "security_groups": [],
                "self": false,
                "to_port": 65535
              }
            ],
            "name": "nat",
            "name_prefix": "",
            "owner_id": "957964833658",
            "revoke_rules_on_delete": false,
            "tags": {
              "Name": "nat"
            },
            "tags_all": {
              "Name": "nat"
            },
            "timeouts": null,
            "vpc_id": "vpc-073627cd72daf1965"
          },
          "sensitive_attributes": [],
          "private": "eyJlMmJmYjczMC1lY2FhLTExZTYtOGY4OC0zNDM2M2JjN2M0YzAiOnsiY3JlYXRlIjo2MDAwMDAwMDAwMDAsImRlbGV0ZSI6OTAwMDAwMDAwMDAwfSwic2NoZW1hX3ZlcnNpb24iOiIxIn0=",
          "dependencies": [
            "aws_vpc.vpc"
          ]
        }
      ]
    },
    {
      "mode": "managed",
      "type": "aws_security_group",
      "name": "ssh",
      "provider": "provider[\"registry.terraform.io/hashicorp/aws\"]",
      "instances": [
        {
          "schema_version": 1,
          "attributes": {
            "arn": "arn:aws:ec2:ap-northeast-1:957964833658:security-group/sg-0b0447925f809399c",
            "description": "Allow ssh inbound traffic",
            "egress": [
              {
                "cidr_blocks": [
                  "0.0.0.0/0"
                ],
                "description": "",
                "from_port": 0,
                "ipv6_cidr_blocks": [],
                "prefix_list_ids": [],
                "protocol": "-1",
                "security_groups": [],
                "self": false,
                "to_port": 0
              }
            ],
            "id": "sg-0b0447925f809399c",
            "ingress": [
              {
                "cidr_blocks": [
                  "122.212.216.66/32"
                ],
                "description": "",
                "from_port": 22,
                "ipv6_cidr_blocks": [],
                "prefix_list_ids": [],
                "protocol": "tcp",
                "security_groups": [],
                "self": false,
                "to_port": 22
              }
            ],
            "name": "ssh",
            "name_prefix": "",
            "owner_id": "957964833658",
            "revoke_rules_on_delete": false,
            "tags": {
              "Name": "ssh"
            },
            "tags_all": {
              "Name": "ssh"
            },
            "timeouts": null,
            "vpc_id": "vpc-073627cd72daf1965"
          },
          "sensitive_attributes": [],
          "private": "eyJlMmJmYjczMC1lY2FhLTExZTYtOGY4OC0zNDM2M2JjN2M0YzAiOnsiY3JlYXRlIjo2MDAwMDAwMDAwMDAsImRlbGV0ZSI6OTAwMDAwMDAwMDAwfSwic2NoZW1hX3ZlcnNpb24iOiIxIn0=",
          "dependencies": [
            "aws_vpc.vpc"
          ]
        }
      ]
    },
    {
      "mode": "managed",
      "type": "aws_subnet",
      "name": "private_1a",
      "provider": "provider[\"registry.terraform.io/hashicorp/aws\"]",
      "instances": [
        {
          "schema_version": 1,
          "attributes": {
            "arn": "arn:aws:ec2:ap-northeast-1:957964833658:subnet/subnet-08409e99e5e8f93e5",
            "assign_ipv6_address_on_creation": false,
            "availability_zone": "ap-northeast-1a",
            "availability_zone_id": "apne1-az4",
            "cidr_block": "10.0.100.0/24",
            "customer_owned_ipv4_pool": "",
            "enable_dns64": false,
            "enable_resource_name_dns_a_record_on_launch": false,
            "enable_resource_name_dns_aaaa_record_on_launch": false,
            "id": "subnet-08409e99e5e8f93e5",
            "ipv6_cidr_block": "",
            "ipv6_cidr_block_association_id": "",
            "ipv6_native": false,
            "map_customer_owned_ip_on_launch": false,
            "map_public_ip_on_launch": false,
            "outpost_arn": "",
            "owner_id": "957964833658",
            "private_dns_hostname_type_on_launch": "ip-name",
            "tags": {
              "Name": "private-1a"
            },
            "tags_all": {
              "Name": "private-1a"
            },
            "timeouts": null,
            "vpc_id": "vpc-073627cd72daf1965"
          },
          "sensitive_attributes": [],
          "private": "eyJlMmJmYjczMC1lY2FhLTExZTYtOGY4OC0zNDM2M2JjN2M0YzAiOnsiY3JlYXRlIjo2MDAwMDAwMDAwMDAsImRlbGV0ZSI6MTIwMDAwMDAwMDAwMH0sInNjaGVtYV92ZXJzaW9uIjoiMSJ9",
          "dependencies": [
            "aws_vpc.vpc"
          ],
          "create_before_destroy": true
        }
      ]
    },
    {
      "mode": "managed",
      "type": "aws_subnet",
      "name": "public_1a",
      "provider": "provider[\"registry.terraform.io/hashicorp/aws\"]",
      "instances": [
        {
          "schema_version": 1,
          "attributes": {
            "arn": "arn:aws:ec2:ap-northeast-1:957964833658:subnet/subnet-0704d1335c7fcb187",
            "assign_ipv6_address_on_creation": false,
            "availability_zone": "ap-northeast-1a",
            "availability_zone_id": "apne1-az4",
            "cidr_block": "10.0.10.0/24",
            "customer_owned_ipv4_pool": "",
            "enable_dns64": false,
            "enable_resource_name_dns_a_record_on_launch": false,
            "enable_resource_name_dns_aaaa_record_on_launch": false,
            "id": "subnet-0704d1335c7fcb187",
            "ipv6_cidr_block": "",
            "ipv6_cidr_block_association_id": "",
            "ipv6_native": false,
            "map_customer_owned_ip_on_launch": false,
            "map_public_ip_on_launch": true,
            "outpost_arn": "",
            "owner_id": "957964833658",
            "private_dns_hostname_type_on_launch": "ip-name",
            "tags": {
              "Name": "public-1a"
            },
            "tags_all": {
              "Name": "public-1a"
            },
            "timeouts": null,
            "vpc_id": "vpc-073627cd72daf1965"
          },
          "sensitive_attributes": [],
          "private": "eyJlMmJmYjczMC1lY2FhLTExZTYtOGY4OC0zNDM2M2JjN2M0YzAiOnsiY3JlYXRlIjo2MDAwMDAwMDAwMDAsImRlbGV0ZSI6MTIwMDAwMDAwMDAwMH0sInNjaGVtYV92ZXJzaW9uIjoiMSJ9",
          "dependencies": [
            "aws_vpc.vpc"
          ],
          "create_before_destroy": true
        }
      ]
    },
    {
      "mode": "managed",
      "type": "aws_vpc",
      "name": "vpc",
      "provider": "provider[\"registry.terraform.io/hashicorp/aws\"]",
      "instances": [
        {
          "schema_version": 1,
          "attributes": {
            "arn": "arn:aws:ec2:ap-northeast-1:957964833658:vpc/vpc-073627cd72daf1965",
            "assign_generated_ipv6_cidr_block": false,
            "cidr_block": "10.0.0.0/16",
            "default_network_acl_id": "acl-05f6cd624316395b1",
            "default_route_table_id": "rtb-08fa497f316647e9d",
            "default_security_group_id": "sg-01f03f009868f28e7",
            "dhcp_options_id": "dopt-0cbe75c5a4cec7def",
            "enable_classiclink": false,
            "enable_classiclink_dns_support": false,
            "enable_dns_hostnames": false,
            "enable_dns_support": true,
            "id": "vpc-073627cd72daf1965",
            "instance_tenancy": "default",
            "ipv4_ipam_pool_id": null,
            "ipv4_netmask_length": null,
            "ipv6_association_id": "",
            "ipv6_cidr_block": "",
            "ipv6_cidr_block_network_border_group": "",
            "ipv6_ipam_pool_id": "",
            "ipv6_netmask_length": 0,
            "main_route_table_id": "rtb-08fa497f316647e9d",
            "owner_id": "957964833658",
            "tags": {
              "Name": "vpc"
            },
            "tags_all": {
              "Name": "vpc"
            }
          },
          "sensitive_attributes": [],
          "private": "eyJzY2hlbWFfdmVyc2lvbiI6IjEifQ==",
          "create_before_destroy": true
        }
      ]
    }
  ]
}
